
Microsoft Visual Studio Solution File, Format Version 12.00
# Visual Studio Version 17
VisualStudioVersion = 17.11.35303.130
MinimumVisualStudioVersion = 10.0.40219.1
Project("{FAE04EC0-301F-11D3-BF4B-00C04F79EFBC}") = "_02", "_02\_02.csproj", "{FEDFA547-3464-4834-B166-C36360E404E8}"
EndProject
Global
	GlobalSection(SolutionConfigurationPlatforms) = preSolution
		Debug|Any CPU = Debug|Any CPU
		Release|Any CPU = Release|Any CPU
	EndGlobalSection
	GlobalSection(ProjectConfigurationPlatforms) = postSolution
		{FEDFA547-3464-4834-B166-C36360E404E8}.Debug|Any CPU.ActiveCfg = Debug|Any CPU
		{FEDFA547-3464-4834-B166-C36360E404E8}.Debug|Any CPU.Build.0 = Debug|Any CPU
		{FEDFA547-3464-4834-B166-C36360E404E8}.Release|Any CPU.ActiveCfg = Release|Any CPU
		{FEDFA547-3464-4834-B166-C36360E404E8}.Release|Any CPU.Build.0 = Release|Any CPU
	EndGlobalSection
	GlobalSection(SolutionProperties) = preSolution
		HideSolutionNode = FALSE
	EndGlobalSection
	GlobalSection(ExtensibilityGlobals) = postSolution
		SolutionGuid = {99DC5ED9-3DBE-4AC2-AD04-B1B217B5633C}
	EndGlobalSection
EndGlobal
