
Microsoft Visual Studio Solution File, Format Version 12.00
# Visual Studio Version 17
VisualStudioVersion = 17.11.35303.130
MinimumVisualStudioVersion = 10.0.40219.1
Project("{FAE04EC0-301F-11D3-BF4B-00C04F79EFBC}") = "_05", "_05\_05.csproj", "{676B7764-82D9-479D-BEC9-B3B5C48B4FDE}"
EndProject
Global
	GlobalSection(SolutionConfigurationPlatforms) = preSolution
		Debug|Any CPU = Debug|Any CPU
		Release|Any CPU = Release|Any CPU
	EndGlobalSection
	GlobalSection(ProjectConfigurationPlatforms) = postSolution
		{676B7764-82D9-479D-BEC9-B3B5C48B4FDE}.Debug|Any CPU.ActiveCfg = Debug|Any CPU
		{676B7764-82D9-479D-BEC9-B3B5C48B4FDE}.Debug|Any CPU.Build.0 = Debug|Any CPU
		{676B7764-82D9-479D-BEC9-B3B5C48B4FDE}.Release|Any CPU.ActiveCfg = Release|Any CPU
		{676B7764-82D9-479D-BEC9-B3B5C48B4FDE}.Release|Any CPU.Build.0 = Release|Any CPU
	EndGlobalSection
	GlobalSection(SolutionProperties) = preSolution
		HideSolutionNode = FALSE
	EndGlobalSection
	GlobalSection(ExtensibilityGlobals) = postSolution
		SolutionGuid = {38B19C64-3042-426A-83BC-F7813E728693}
	EndGlobalSection
EndGlobal
