
Microsoft Visual Studio Solution File, Format Version 12.00
# Visual Studio Version 17
VisualStudioVersion = 17.11.35303.130
MinimumVisualStudioVersion = 10.0.40219.1
Project("{FAE04EC0-301F-11D3-BF4B-00C04F79EFBC}") = "_06", "_06\_06.csproj", "{F3C49F32-1071-4AD0-B893-F7E22D83438B}"
EndProject
Global
	GlobalSection(SolutionConfigurationPlatforms) = preSolution
		Debug|Any CPU = Debug|Any CPU
		Release|Any CPU = Release|Any CPU
	EndGlobalSection
	GlobalSection(ProjectConfigurationPlatforms) = postSolution
		{F3C49F32-1071-4AD0-B893-F7E22D83438B}.Debug|Any CPU.ActiveCfg = Debug|Any CPU
		{F3C49F32-1071-4AD0-B893-F7E22D83438B}.Debug|Any CPU.Build.0 = Debug|Any CPU
		{F3C49F32-1071-4AD0-B893-F7E22D83438B}.Release|Any CPU.ActiveCfg = Release|Any CPU
		{F3C49F32-1071-4AD0-B893-F7E22D83438B}.Release|Any CPU.Build.0 = Release|Any CPU
	EndGlobalSection
	GlobalSection(SolutionProperties) = preSolution
		HideSolutionNode = FALSE
	EndGlobalSection
	GlobalSection(ExtensibilityGlobals) = postSolution
		SolutionGuid = {AB5FE1B2-DF48-44F4-9E81-EFFF2A8CBA96}
	EndGlobalSection
EndGlobal
