
Microsoft Visual Studio Solution File, Format Version 12.00
# Visual Studio Version 17
VisualStudioVersion = 17.11.35303.130
MinimumVisualStudioVersion = 10.0.40219.1
Project("{FAE04EC0-301F-11D3-BF4B-00C04F79EFBC}") = "_06_3_2", "_06_3_2\_06_3_2.csproj", "{64724AC9-795E-45B6-B327-DFFFA6999F3A}"
EndProject
Global
	GlobalSection(SolutionConfigurationPlatforms) = preSolution
		Debug|Any CPU = Debug|Any CPU
		Release|Any CPU = Release|Any CPU
	EndGlobalSection
	GlobalSection(ProjectConfigurationPlatforms) = postSolution
		{64724AC9-795E-45B6-B327-DFFFA6999F3A}.Debug|Any CPU.ActiveCfg = Debug|Any CPU
		{64724AC9-795E-45B6-B327-DFFFA6999F3A}.Debug|Any CPU.Build.0 = Debug|Any CPU
		{64724AC9-795E-45B6-B327-DFFFA6999F3A}.Release|Any CPU.ActiveCfg = Release|Any CPU
		{64724AC9-795E-45B6-B327-DFFFA6999F3A}.Release|Any CPU.Build.0 = Release|Any CPU
	EndGlobalSection
	GlobalSection(SolutionProperties) = preSolution
		HideSolutionNode = FALSE
	EndGlobalSection
	GlobalSection(ExtensibilityGlobals) = postSolution
		SolutionGuid = {B5363869-0ADD-4EAE-8595-8BBEC4F877BD}
	EndGlobalSection
EndGlobal
