
Microsoft Visual Studio Solution File, Format Version 12.00
# Visual Studio Version 17
VisualStudioVersion = 17.10.35122.118
MinimumVisualStudioVersion = 10.0.40219.1
Project("{FAE04EC0-301F-11D3-BF4B-00C04F79EFBC}") = "HozzaadToro88", "HozzaadToro88\HozzaadToro88.csproj", "{3E1EFE77-C5E5-4A1A-9929-A85207F4D038}"
EndProject
Global
	GlobalSection(SolutionConfigurationPlatforms) = preSolution
		Debug|Any CPU = Debug|Any CPU
		Release|Any CPU = Release|Any CPU
	EndGlobalSection
	GlobalSection(ProjectConfigurationPlatforms) = postSolution
		{3E1EFE77-C5E5-4A1A-9929-A85207F4D038}.Debug|Any CPU.ActiveCfg = Debug|Any CPU
		{3E1EFE77-C5E5-4A1A-9929-A85207F4D038}.Debug|Any CPU.Build.0 = Debug|Any CPU
		{3E1EFE77-C5E5-4A1A-9929-A85207F4D038}.Release|Any CPU.ActiveCfg = Release|Any CPU
		{3E1EFE77-C5E5-4A1A-9929-A85207F4D038}.Release|Any CPU.Build.0 = Release|Any CPU
	EndGlobalSection
	GlobalSection(SolutionProperties) = preSolution
		HideSolutionNode = FALSE
	EndGlobalSection
	GlobalSection(ExtensibilityGlobals) = postSolution
		SolutionGuid = {6B3E4B08-5A9A-4982-BDF8-6422B1215525}
	EndGlobalSection
EndGlobal
