
Microsoft Visual Studio Solution File, Format Version 12.00
# Visual Studio Version 17
VisualStudioVersion = 17.11.35303.130
MinimumVisualStudioVersion = 10.0.40219.1
Project("{FAE04EC0-301F-11D3-BF4B-00C04F79EFBC}") = "06_3", "06_3\06_3.csproj", "{2719DBAD-9FCB-4339-A850-599536678D5A}"
EndProject
Global
	GlobalSection(SolutionConfigurationPlatforms) = preSolution
		Debug|Any CPU = Debug|Any CPU
		Release|Any CPU = Release|Any CPU
	EndGlobalSection
	GlobalSection(ProjectConfigurationPlatforms) = postSolution
		{2719DBAD-9FCB-4339-A850-599536678D5A}.Debug|Any CPU.ActiveCfg = Debug|Any CPU
		{2719DBAD-9FCB-4339-A850-599536678D5A}.Debug|Any CPU.Build.0 = Debug|Any CPU
		{2719DBAD-9FCB-4339-A850-599536678D5A}.Release|Any CPU.ActiveCfg = Release|Any CPU
		{2719DBAD-9FCB-4339-A850-599536678D5A}.Release|Any CPU.Build.0 = Release|Any CPU
	EndGlobalSection
	GlobalSection(SolutionProperties) = preSolution
		HideSolutionNode = FALSE
	EndGlobalSection
	GlobalSection(ExtensibilityGlobals) = postSolution
		SolutionGuid = {937EEFAA-AB23-44D4-912B-373DA1C750DB}
	EndGlobalSection
EndGlobal
