
Microsoft Visual Studio Solution File, Format Version 12.00
# Visual Studio Version 17
VisualStudioVersion = 17.11.35303.130
MinimumVisualStudioVersion = 10.0.40219.1
Project("{FAE04EC0-301F-11D3-BF4B-00C04F79EFBC}") = "_04", "_04\_04.csproj", "{DDC0E9C6-5EDD-400F-9678-21A5C9EDE1A7}"
EndProject
Global
	GlobalSection(SolutionConfigurationPlatforms) = preSolution
		Debug|Any CPU = Debug|Any CPU
		Release|Any CPU = Release|Any CPU
	EndGlobalSection
	GlobalSection(ProjectConfigurationPlatforms) = postSolution
		{DDC0E9C6-5EDD-400F-9678-21A5C9EDE1A7}.Debug|Any CPU.ActiveCfg = Debug|Any CPU
		{DDC0E9C6-5EDD-400F-9678-21A5C9EDE1A7}.Debug|Any CPU.Build.0 = Debug|Any CPU
		{DDC0E9C6-5EDD-400F-9678-21A5C9EDE1A7}.Release|Any CPU.ActiveCfg = Release|Any CPU
		{DDC0E9C6-5EDD-400F-9678-21A5C9EDE1A7}.Release|Any CPU.Build.0 = Release|Any CPU
	EndGlobalSection
	GlobalSection(SolutionProperties) = preSolution
		HideSolutionNode = FALSE
	EndGlobalSection
	GlobalSection(ExtensibilityGlobals) = postSolution
		SolutionGuid = {A25F9628-224C-4870-A617-4358F67CDBAE}
	EndGlobalSection
EndGlobal
